
Microsoft Visual Studio Solution File, Format Version 12.00
# Visual Studio Version 17
VisualStudioVersion = 17.9.34701.34
MinimumVisualStudioVersion = 10.0.40219.1
Project("{FAE04EC0-301F-11D3-BF4B-00C04F79EFBC}") = "Autofac_DependencyInjection", "Autofac_DependencyInjection.csproj", "{52EC8544-35A3-4A0F-8A7C-4CDBED839A3E}"
EndProject
Global
	GlobalSection(SolutionConfigurationPlatforms) = preSolution
		Debug|Any CPU = Debug|Any CPU
		Release|Any CPU = Release|Any CPU
	EndGlobalSection
	GlobalSection(ProjectConfigurationPlatforms) = postSolution
		{52EC8544-35A3-4A0F-8A7C-4CDBED839A3E}.Debug|Any CPU.ActiveCfg = Debug|Any CPU
		{52EC8544-35A3-4A0F-8A7C-4CDBED839A3E}.Debug|Any CPU.Build.0 = Debug|Any CPU
		{52EC8544-35A3-4A0F-8A7C-4CDBED839A3E}.Release|Any CPU.ActiveCfg = Release|Any CPU
		{52EC8544-35A3-4A0F-8A7C-4CDBED839A3E}.Release|Any CPU.Build.0 = Release|Any CPU
	EndGlobalSection
	GlobalSection(SolutionProperties) = preSolution
		HideSolutionNode = FALSE
	EndGlobalSection
	GlobalSection(ExtensibilityGlobals) = postSolution
		SolutionGuid = {4BCB2F6F-F7A5-4D32-9CFA-F6353E84014D}
	EndGlobalSection
EndGlobal
